
Microsoft Visual Studio Solution File, Format Version 12.00
# Visual Studio Version 16
VisualStudioVersion = 16.0.31005.135
MinimumVisualStudioVersion = 10.0.40219.1
Project("{FAE04EC0-301F-11D3-BF4B-00C04F79EFBC}") = "NienLuanCoSo", "NienLuanCoSo\NienLuanCoSo.csproj", "{9D84BDFC-6E2B-4B36-A016-43803915D8B2}"
EndProject
Project("{2150E333-8FDC-42A3-9474-1A3956D46DE8}") = "Solution Items", "Solution Items", "{E6204558-C8A8-4796-AB37-E909872F03AB}"
EndProject
Global
	GlobalSection(SolutionConfigurationPlatforms) = preSolution
		Debug|Any CPU = Debug|Any CPU
		Release|Any CPU = Release|Any CPU
	EndGlobalSection
	GlobalSection(ProjectConfigurationPlatforms) = postSolution
		{9D84BDFC-6E2B-4B36-A016-43803915D8B2}.Debug|Any CPU.ActiveCfg = Debug|Any CPU
		{9D84BDFC-6E2B-4B36-A016-43803915D8B2}.Debug|Any CPU.Build.0 = Debug|Any CPU
		{9D84BDFC-6E2B-4B36-A016-43803915D8B2}.Release|Any CPU.ActiveCfg = Release|Any CPU
		{9D84BDFC-6E2B-4B36-A016-43803915D8B2}.Release|Any CPU.Build.0 = Release|Any CPU
	EndGlobalSection
	GlobalSection(SolutionProperties) = preSolution
		HideSolutionNode = FALSE
	EndGlobalSection
	GlobalSection(ExtensibilityGlobals) = postSolution
		SolutionGuid = {0E343D7D-C6CF-46A9-9863-33A1DA743903}
	EndGlobalSection
EndGlobal
